
Microsoft Visual Studio Solution File, Format Version 12.00
# Visual Studio Version 17
VisualStudioVersion = 17.5.2.0
MinimumVisualStudioVersion = 10.0.40219.1
Project("{FAE04EC0-301F-11D3-BF4B-00C04F79EFBC}") = "ImageProcessor", "ImageProcessor\ImageProcessor.csproj", "{2A468DEA-A52C-48C0-83CE-E845B2A8506C}"
EndProject
Project("{2150E333-8FDC-42A3-9474-1A3956D46DE8}") = "tests", "tests", "{7CC6CB08-4B5C-4AC0-9334-635BEA62E9F4}"
EndProject
Project("{FAE04EC0-301F-11D3-BF4B-00C04F79EFBC}") = "ImageProcessorTest", "tests\ImageProcessorTest\ImageProcessorTest.csproj", "{C482AADD-CC5F-4654-A44D-07292890E629}"
EndProject
Project("{FAE04EC0-301F-11D3-BF4B-00C04F79EFBC}") = "FunctionApp1", "FunctionApp1\FunctionApp1.csproj", "{B20B2486-57CE-4002-B4C5-59F687A8191C}"
EndProject
Global
	GlobalSection(SolutionConfigurationPlatforms) = preSolution
		Debug|Any CPU = Debug|Any CPU
		Release|Any CPU = Release|Any CPU
	EndGlobalSection
	GlobalSection(ProjectConfigurationPlatforms) = postSolution
		{2A468DEA-A52C-48C0-83CE-E845B2A8506C}.Debug|Any CPU.ActiveCfg = Debug|Any CPU
		{2A468DEA-A52C-48C0-83CE-E845B2A8506C}.Debug|Any CPU.Build.0 = Debug|Any CPU
		{2A468DEA-A52C-48C0-83CE-E845B2A8506C}.Release|Any CPU.ActiveCfg = Release|Any CPU
		{2A468DEA-A52C-48C0-83CE-E845B2A8506C}.Release|Any CPU.Build.0 = Release|Any CPU
		{C482AADD-CC5F-4654-A44D-07292890E629}.Debug|Any CPU.ActiveCfg = Debug|Any CPU
		{C482AADD-CC5F-4654-A44D-07292890E629}.Debug|Any CPU.Build.0 = Debug|Any CPU
		{C482AADD-CC5F-4654-A44D-07292890E629}.Release|Any CPU.ActiveCfg = Release|Any CPU
		{C482AADD-CC5F-4654-A44D-07292890E629}.Release|Any CPU.Build.0 = Release|Any CPU
		{B20B2486-57CE-4002-B4C5-59F687A8191C}.Debug|Any CPU.ActiveCfg = Debug|Any CPU
		{B20B2486-57CE-4002-B4C5-59F687A8191C}.Debug|Any CPU.Build.0 = Debug|Any CPU
		{B20B2486-57CE-4002-B4C5-59F687A8191C}.Release|Any CPU.ActiveCfg = Release|Any CPU
		{B20B2486-57CE-4002-B4C5-59F687A8191C}.Release|Any CPU.Build.0 = Release|Any CPU
	EndGlobalSection
	GlobalSection(SolutionProperties) = preSolution
		HideSolutionNode = FALSE
	EndGlobalSection
	GlobalSection(NestedProjects) = preSolution
		{C482AADD-CC5F-4654-A44D-07292890E629} = {7CC6CB08-4B5C-4AC0-9334-635BEA62E9F4}
	EndGlobalSection
	GlobalSection(ExtensibilityGlobals) = postSolution
		SolutionGuid = {97387D07-21DD-4E14-B919-02D1635F2B80}
	EndGlobalSection
EndGlobal
